// !$*UTF8*$!
{
	archiveVersion = 1;
	classes = {
	};
	objectVersion = 46;
	objects = {

/* Begin PBXBuildFile section */
		8EBA28051DC94E5300BDBE5F /* AppDelegate.swift in Sources */ = {isa = PBXBuildFile; fileRef = 8EBA28041DC94E5300BDBE5F /* AppDelegate.swift */; };
		8EBA28071DC94E5300BDBE5F /* ViewController.swift in Sources */ = {isa = PBXBuildFile; fileRef = 8EBA28061DC94E5300BDBE5F /* ViewController.swift */; };
		8EBA280A1DC94E5300BDBE5F /* Main.storyboard in Resources */ = {isa = PBXBuildFile; fileRef = 8EBA28081DC94E5300BDBE5F /* Main.storyboard */; };
		8EBA280C1DC94E5300BDBE5F /* Assets.xcassets in Resources */ = {isa = PBXBuildFile; fileRef = 8EBA280B1DC94E5300BDBE5F /* Assets.xcassets */; };
		8EBA280F1DC94E5300BDBE5F /* LaunchScreen.storyboard in Resources */ = {isa = PBXBuildFile; fileRef = 8EBA280D1DC94E5300BDBE5F /* LaunchScreen.storyboard */; };
/* End PBXBuildFile section */

/* Begin PBXFileReference section */
		8EBA28011DC94E5300BDBE5F /* TextTools.app */ = {isa = PBXFileReference; explicitFileType = wrapper.application; includeInIndex = 0; path = TextTools.app; sourceTree = BUILT_PRODUCTS_DIR; };
		8EBA28041DC94E5300BDBE5F /* AppDelegate.swift */ = {isa = PBXFileReference; lastKnownFileType = sourcecode.swift; path = AppDelegate.swift; sourceTree = "<group>"; };
		8EBA28061DC94E5300BDBE5F /* ViewController.swift */ = {isa = PBXFileReference; lastKnownFileType = sourcecode.swift; path = ViewController.swift; sourceTree = "<group>"; };
		8EBA28091DC94E5300BDBE5F /* Base */ = {isa = PBXFileReference; lastKnownFileType = file.storyboard; name = Base; path = Base.lproj/Main.storyboard; sourceTree = "<group>"; };
		8EBA280B1DC94E5300BDBE5F /* Assets.xcassets */ = {isa = PBXFileReference; lastKnownFileType = folder.assetcatalog; path = Assets.xcassets; sourceTree = "<group>"; };
		8EBA280E1DC94E5300BDBE5F /* Base */ = {isa = PBXFileReference; lastKnownFileType = file.storyboard; name = Base; path = Base.lproj/LaunchScreen.storyboard; sourceTree = "<group>"; };
		8EBA28101DC94E5300BDBE5F /* Info.plist */ = {isa = PBXFileReference; lastKnownFileType = text.plist.xml; path = Info.plist; sourceTree = "<group>"; };
/* End PBXFileReference section */

/* Begin PBXFrameworksBuildPhase section */
		8EBA27FE1DC94E5200BDBE5F /* Frameworks */ = {
			isa = PBXFrameworksBuildPhase;
			buildActionMask = 2147483647;
			files = (
			);
			runOnlyForDeploymentPostprocessing = 0;
		};
/* End PBXFrameworksBuildPhase section */

/* Begin PBXGroup section */
		8EBA27F81DC94E5200BDBE5F = {
			isa = PBXGroup;
			children = (
				8EBA28031DC94E5300BDBE5F /* TextTools */,
				8EBA28021DC94E5300BDBE5F /* Products */,
			);
			sourceTree = "<group>";
		};
		8EBA28021DC94E5300BDBE5F /* Products */ = {
			isa = PBXGroup;
			children = (
				8EBA28011DC94E5300BDBE5F /* TextTools.app */,
			);
			name = Products;
			sourceTree = "<group>";
		};
		8EBA28031DC94E5300BDBE5F /* TextTools */ = {
			isa = PBXGroup;
			children = (
				8EBA28041DC94E5300BDBE5F /* AppDelegate.swift */,
				8EBA28061DC94E5300BDBE5F /* ViewController.swift */,
				8EBA28081DC94E5300BDBE5F /* Main.storyboard */,
				8EBA280B1DC94E5300BDBE5F /* Assets.xcassets */,
				8EBA280D1DC94E5300BDBE5F /* LaunchScreen.storyboard */,
				8EBA28101DC94E5300BDBE5F /* Info.plist */,
			);
			path = TextTools;
			sourceTree = "<group>";
		};
/* End PBXGroup section */

/* Begin PBXNativeTarget section */
		8EBA28001DC94E5200BDBE5F /* TextTools */ = {
			isa = PBXNativeTarget;
			buildConfigurationList = 8EBA28131DC94E5300BDBE5F /* Build configuration list for PBXNativeTarget "TextTools" */;
			buildPhases = (
				8EBA27FD1DC94E5200BDBE5F /* Sources */,
				8EBA27FE1DC94E5200BDBE5F /* Frameworks */,
				8EBA27FF1DC94E5200BDBE5F /* Resources */,
			);
			buildRules = (
			);
			dependencies = (
			);
			name = TextTools;
			productName = TextTools;
			productReference = 8EBA28011DC94E5300BDBE5F /* TextTools.app */;
			productType = "com.apple.product-type.application";
		};
/* End PBXNativeTarget section */

/* Begin PBXProject section */
		8EBA27F91DC94E5200BDBE5F /* Project object */ = {
			isa = PBXProject;
			attributes = {
				LastSwiftUpdateCheck = 0800;
				LastUpgradeCheck = 0800;
				ORGANIZATIONNAME = "Felipe Diaz";
				TargetAttributes = {
					8EBA28001DC94E5200BDBE5F = {
						CreatedOnToolsVersion = 8.0;
						ProvisioningStyle = Automatic;
					};
				};
			};
			buildConfigurationList = 8EBA27FC1DC94E5200BDBE5F /* Build configuration list for PBXProject "TextTools" */;
			compatibilityVersion = "Xcode 3.2";
			developmentRegion = English;
			hasScannedForEncodings = 0;
			knownRegions = (
				en,
				Base,
			);
			mainGroup = 8EBA27F81DC94E5200BDBE5F;
			productRefGroup = 8EBA28021DC94E5300BDBE5F /* Products */;
			projectDirPath = "";
			projectRoot = "";
			targets = (
				8EBA28001DC94E5200BDBE5F /* TextTools */,
			);
		};
/* End PBXProject section */

/* Begin PBXResourcesBuildPhase section */
		8EBA27FF1DC94E5200BDBE5F /* Resources */ = {
			isa = PBXResourcesBuildPhase;
			buildActionMask = 2147483647;
			files = (
				8EBA280F1DC94E5300BDBE5F /* LaunchScreen.storyboard in Resources */,
				8EBA280C1DC94E5300BDBE5F /* Assets.xcassets in Resources */,
				8EBA280A1DC94E5300BDBE5F /* Main.storyboard in Resources */,
			);
			runOnlyForDeploymentPostprocessing = 0;
		};
/* End PBXResourcesBuildPhase section */

/* Begin PBXSourcesBuildPhase section */
		8EBA27FD1DC94E5200BDBE5F /* Sources */ = {
			isa = PBXSourcesBuildPhase;
			buildActionMask = 2147483647;
			files = (
				8EBA28071DC94E5300BDBE5F /* ViewController.swift in Sources */,
				8EBA28051DC94E5300BDBE5F /* AppDelegate.swift in Sources */,
			);
			runOnlyForDeploymentPostprocessing = 0;
		};
/* End PBXSourcesBuildPhase section */

/* Begin PBXVariantGroup section */
		8EBA28081DC94E5300BDBE5F /* Main.storyboard */ = {
			isa = PBXVariantGroup;
			children = (
				8EBA28091DC94E5300BDBE5F /* Base */,
			);
			name = Main.storyboard;
			sourceTree = "<group>";
		};
		8EBA280D1DC94E5300BDBE5F /* LaunchScreen.storyboard */ = {
			isa = PBXVariantGroup;
			children = (
				8EBA280E1DC94E5300BDBE5F /* Base */,
			);
			name = LaunchScreen.storyboard;
			sourceTree = "<group>";
		};
/* End PBXVariantGroup section */

/* Begin XCBuildConfiguration section */
		8EBA28111DC94E5300BDBE5F /* Debug */ = {
			isa = XCBuildConfiguration;
			buildSettings = {
				ALWAYS_SEARCH_USER_PATHS = NO;
				CLANG_ANALYZER_NONNULL = YES;
				CLANG_CXX_LANGUAGE_STANDARD = "gnu++0x";
				CLANG_CXX_LIBRARY = "libc++";
				CLANG_ENABLE_MODULES = YES;
				CLANG_ENABLE_OBJC_ARC = YES;
				CLANG_WARN_BOOL_CONVERSION = YES;
				CLANG_WARN_CONSTANT_CONVERSION = YES;
				CLANG_WARN_DIRECT_OBJC_ISA_USAGE = YES_ERROR;
				CLANG_WARN_DOCUMENTATION_COMMENTS = YES;
				CLANG_WARN_EMPTY_BODY = YES;
				CLANG_WARN_ENUM_CONVERSION = YES;
				CLANG_WARN_INFINITE_RECURSION = YES;
				CLANG_WARN_INT_CONVERSION = YES;
				CLANG_WARN_OBJC_ROOT_CLASS = YES_ERROR;
				CLANG_WARN_SUSPICIOUS_MOVES = YES;
				CLANG_WARN_UNREACHABLE_CODE = YES;
				CLANG_WARN__DUPLICATE_METHOD_MATCH = YES;
				"CODE_SIGN_IDENTITY[sdk=iphoneos*]" = "iPhone Developer";
				COPY_PHASE_STRIP = NO;
				DEBUG_INFORMATION_FORMAT = dwarf;
				ENABLE_STRICT_OBJC_MSGSEND = YES;
				ENABLE_TESTABILITY = YES;
				GCC_C_LANGUAGE_STANDARD = gnu99;
				GCC_DYNAMIC_NO_PIC = NO;
				GCC_NO_COMMON_BLOCKS = YES;
				GCC_OPTIMIZATION_LEVEL = 0;
				GCC_PREPROCESSOR_DEFINITIONS = (
					"DEBUG=1",
					"$(inherited)",
				);
				GCC_WARN_64_TO_32_BIT_CONVERSION = YES;
				GCC_WARN_ABOUT_RETURN_TYPE = YES_ERROR;
				GCC_WARN_UNDECLARED_SELECTOR = YES;
				GCC_WARN_UNINITIALIZED_AUTOS = YES_AGGRESSIVE;
				GCC_WARN_UNUSED_FUNCTION = YES;
				GCC_WARN_UNUSED_VARIABLE = YES;
				IPHONEOS_DEPLOYMENT_TARGET = 10.0;
				MTL_ENABLE_DEBUG_INFO = YES;
				ONLY_ACTIVE_ARCH = YES;
				SDKROOT = iphoneos;
				SWIFT_ACTIVE_COMPILATION_CONDITIONS = DEBUG;
				SWIFT_OPTIMIZATION_LEVEL = "-Onone";
			};
			name = Debug;
		};
		8EBA28121DC94E5300BDBE5F /* Release */ = {
			isa = XCBuildConfiguration;
			buildSettings = {
				ALWAYS_SEARCH_USER_PATHS = NO;
				CLANG_ANALYZER_NONNULL = YES;
				CLANG_CXX_LANGUAGE_STANDARD = "gnu++0x";
				CLANG_CXX_LIBRARY = "libc++";
				CLANG_ENABLE_MODULES = YES;
				CLANG_ENABLE_OBJC_ARC = YES;
				CLANG_WARN_BOOL_CONVERSION = YES;
				CLANG_WARN_CONSTANT_CONVERSION = YES;
				CLANG_WARN_DIRECT_OBJC_ISA_USAGE = YES_ERROR;
				CLANG_WARN_DOCUMENTATION_COMMENTS = YES;
				CLANG_WARN_EMPTY_BODY = YES;
				CLANG_WARN_ENUM_CONVERSION = YES;
				CLANG_WARN_INFINITE_RECURSION = YES;
				CLANG_WARN_INT_CONVERSION = YES;
				CLANG_WARN_OBJC_ROOT_CLASS = YES_ERROR;
				CLANG_WARN_SUSPICIOUS_MOVES = YES;
				CLANG_WARN_UNREACHABLE_CODE = YES;
				CLANG_WARN__DUPLICATE_METHOD_MATCH = YES;
				"CODE_SIGN_IDENTITY[sdk=iphoneos*]" = "iPhone Developer";
				COPY_PHASE_STRIP = NO;
				DEBUG_INFORMATION_FORMAT = "dwarf-with-dsym";
				ENABLE_NS_ASSERTIONS = NO;
				ENABLE_STRICT_OBJC_MSGSEND = YES;
				GCC_C_LANGUAGE_STANDARD = gnu99;
				GCC_NO_COMMON_BLOCKS = YES;
				GCC_WARN_64_TO_32_BIT_CONVERSION = YES;
				GCC_WARN_ABOUT_RETURN_TYPE = YES_ERROR;
				GCC_WARN_UNDECLARED_SELECTOR = YES;
				GCC_WARN_UNINITIALIZED_AUTOS = YES_AGGRESSIVE;
				GCC_WARN_UNUSED_FUNCTION = YES;
				GCC_WARN_UNUSED_VARIABLE = YES;
				IPHONEOS_DEPLOYMENT_TARGET = 10.0;
				MTL_ENABLE_DEBUG_INFO = NO;
				SDKROOT = iphoneos;
				SWIFT_OPTIMIZATION_LEVEL = "-Owholemodule";
				VALIDATE_PRODUCT = YES;
			};
			name = Release;
		};
		8EBA28141DC94E5300BDBE5F /* Debug */ = {
			isa = XCBuildConfiguration;
			buildSettings = {
				ASSETCATALOG_COMPILER_APPICON_NAME = AppIcon;
				INFOPLIST_FILE = TextTools/Info.plist;
				LD_RUNPATH_SEARCH_PATHS = "$(inherited) @executable_path/Frameworks";
				PRODUCT_BUNDLE_IDENTIFIER = FDM.TextTools;
				PRODUCT_NAME = "$(TARGET_NAME)";
				SWIFT_VERSION = 3.0;
			};
			name = Debug;
		};
		8EBA28151DC94E5300BDBE5F /* Release */ = {
			isa = XCBuildConfiguration;
			buildSettings = {
				ASSETCATALOG_COMPILER_APPICON_NAME = AppIcon;
				INFOPLIST_FILE = TextTools/Info.plist;
				LD_RUNPATH_SEARCH_PATHS = "$(inherited) @executable_path/Frameworks";
				PRODUCT_BUNDLE_IDENTIFIER = FDM.TextTools;
				PRODUCT_NAME = "$(TARGET_NAME)";
				SWIFT_VERSION = 3.0;
			};
			name = Release;
		};
/* End XCBuildConfiguration section */

/* Begin XCConfigurationList section */
		8EBA27FC1DC94E5200BDBE5F /* Build configuration list for PBXProject "TextTools" */ = {
			isa = XCConfigurationList;
			buildConfigurations = (
				8EBA28111DC94E5300BDBE5F /* Debug */,
				8EBA28121DC94E5300BDBE5F /* Release */,
			);
			defaultConfigurationIsVisible = 0;
			defaultConfigurationName = Release;
		};
		8EBA28131DC94E5300BDBE5F /* Build configuration list for PBXNativeTarget "TextTools" */ = {
			isa = XCConfigurationList;
			buildConfigurations = (
				8EBA28141DC94E5300BDBE5F /* Debug */,
				8EBA28151DC94E5300BDBE5F /* Release */,
			);
			defaultConfigurationIsVisible = 0;
		};
/* End XCConfigurationList section */
	};
	rootObject = 8EBA27F91DC94E5200BDBE5F /* Project object */;
}
