// !$*UTF8*$!
{
	archiveVersion = 1;
	classes = {
	};
	objectVersion = 46;
	objects = {

/* Begin PBXBuildFile section */
		8E6CBF541E4B88B000861136 /* AppDelegate.swift in Sources */ = {isa = PBXBuildFile; fileRef = 8E6CBF531E4B88B000861136 /* AppDelegate.swift */; };
		8E6CBF561E4B88B000861136 /* ViewController.swift in Sources */ = {isa = PBXBuildFile; fileRef = 8E6CBF551E4B88B000861136 /* ViewController.swift */; };
		8E6CBF591E4B88B000861136 /* Main.storyboard in Resources */ = {isa = PBXBuildFile; fileRef = 8E6CBF571E4B88B000861136 /* Main.storyboard */; };
		8E6CBF5B1E4B88B000861136 /* Assets.xcassets in Resources */ = {isa = PBXBuildFile; fileRef = 8E6CBF5A1E4B88B000861136 /* Assets.xcassets */; };
		8E6CBF5E1E4B88B000861136 /* LaunchScreen.storyboard in Resources */ = {isa = PBXBuildFile; fileRef = 8E6CBF5C1E4B88B000861136 /* LaunchScreen.storyboard */; };
		8E6CBF6E1E4B894A00861136 /* libPayPalMobile.a in Frameworks */ = {isa = PBXBuildFile; fileRef = 8E6CBF661E4B894A00861136 /* libPayPalMobile.a */; };
		8E6CBF7A1E4B8A9600861136 /* Accelerate.framework in Frameworks */ = {isa = PBXBuildFile; fileRef = 8E6CBF711E4B8A9600861136 /* Accelerate.framework */; };
		8E6CBF7B1E4B8A9600861136 /* AudioToolbox.framework in Frameworks */ = {isa = PBXBuildFile; fileRef = 8E6CBF721E4B8A9600861136 /* AudioToolbox.framework */; };
		8E6CBF7C1E4B8A9600861136 /* AVFoundation.framework in Frameworks */ = {isa = PBXBuildFile; fileRef = 8E6CBF731E4B8A9600861136 /* AVFoundation.framework */; };
		8E6CBF7D1E4B8A9600861136 /* CoreLocation.framework in Frameworks */ = {isa = PBXBuildFile; fileRef = 8E6CBF741E4B8A9600861136 /* CoreLocation.framework */; };
		8E6CBF7E1E4B8A9600861136 /* CoreMedia.framework in Frameworks */ = {isa = PBXBuildFile; fileRef = 8E6CBF751E4B8A9600861136 /* CoreMedia.framework */; };
		8E6CBF7F1E4B8A9600861136 /* MessageUI.framework in Frameworks */ = {isa = PBXBuildFile; fileRef = 8E6CBF761E4B8A9600861136 /* MessageUI.framework */; };
		8E6CBF801E4B8A9600861136 /* MobileCoreServices.framework in Frameworks */ = {isa = PBXBuildFile; fileRef = 8E6CBF771E4B8A9600861136 /* MobileCoreServices.framework */; };
		8E6CBF811E4B8A9600861136 /* SafariServices.framework in Frameworks */ = {isa = PBXBuildFile; fileRef = 8E6CBF781E4B8A9600861136 /* SafariServices.framework */; };
		8E6CBF821E4B8A9600861136 /* SystemConfiguration.framework in Frameworks */ = {isa = PBXBuildFile; fileRef = 8E6CBF791E4B8A9600861136 /* SystemConfiguration.framework */; };
/* End PBXBuildFile section */

/* Begin PBXFileReference section */
		8E6CBF501E4B88B000861136 /* PayPalDemo.app */ = {isa = PBXFileReference; explicitFileType = wrapper.application; includeInIndex = 0; path = PayPalDemo.app; sourceTree = BUILT_PRODUCTS_DIR; };
		8E6CBF531E4B88B000861136 /* AppDelegate.swift */ = {isa = PBXFileReference; lastKnownFileType = sourcecode.swift; path = AppDelegate.swift; sourceTree = "<group>"; };
		8E6CBF551E4B88B000861136 /* ViewController.swift */ = {isa = PBXFileReference; lastKnownFileType = sourcecode.swift; path = ViewController.swift; sourceTree = "<group>"; };
		8E6CBF581E4B88B000861136 /* Base */ = {isa = PBXFileReference; lastKnownFileType = file.storyboard; name = Base; path = Base.lproj/Main.storyboard; sourceTree = "<group>"; };
		8E6CBF5A1E4B88B000861136 /* Assets.xcassets */ = {isa = PBXFileReference; lastKnownFileType = folder.assetcatalog; path = Assets.xcassets; sourceTree = "<group>"; };
		8E6CBF5D1E4B88B000861136 /* Base */ = {isa = PBXFileReference; lastKnownFileType = file.storyboard; name = Base; path = Base.lproj/LaunchScreen.storyboard; sourceTree = "<group>"; };
		8E6CBF5F1E4B88B000861136 /* Info.plist */ = {isa = PBXFileReference; lastKnownFileType = text.plist.xml; path = Info.plist; sourceTree = "<group>"; };
		8E6CBF661E4B894A00861136 /* libPayPalMobile.a */ = {isa = PBXFileReference; lastKnownFileType = archive.ar; path = libPayPalMobile.a; sourceTree = "<group>"; };
		8E6CBF671E4B894A00861136 /* PayPalConfiguration.h */ = {isa = PBXFileReference; fileEncoding = 4; lastKnownFileType = sourcecode.c.h; path = PayPalConfiguration.h; sourceTree = "<group>"; };
		8E6CBF681E4B894A00861136 /* PayPalFuturePaymentViewController.h */ = {isa = PBXFileReference; fileEncoding = 4; lastKnownFileType = sourcecode.c.h; path = PayPalFuturePaymentViewController.h; sourceTree = "<group>"; };
		8E6CBF691E4B894A00861136 /* PayPalMobile.h */ = {isa = PBXFileReference; fileEncoding = 4; lastKnownFileType = sourcecode.c.h; path = PayPalMobile.h; sourceTree = "<group>"; };
		8E6CBF6A1E4B894A00861136 /* PayPalOAuthScopes.h */ = {isa = PBXFileReference; fileEncoding = 4; lastKnownFileType = sourcecode.c.h; path = PayPalOAuthScopes.h; sourceTree = "<group>"; };
		8E6CBF6B1E4B894A00861136 /* PayPalPayment.h */ = {isa = PBXFileReference; fileEncoding = 4; lastKnownFileType = sourcecode.c.h; path = PayPalPayment.h; sourceTree = "<group>"; };
		8E6CBF6C1E4B894A00861136 /* PayPalPaymentViewController.h */ = {isa = PBXFileReference; fileEncoding = 4; lastKnownFileType = sourcecode.c.h; path = PayPalPaymentViewController.h; sourceTree = "<group>"; };
		8E6CBF6D1E4B894A00861136 /* PayPalProfileSharingViewController.h */ = {isa = PBXFileReference; fileEncoding = 4; lastKnownFileType = sourcecode.c.h; path = PayPalProfileSharingViewController.h; sourceTree = "<group>"; };
		8E6CBF6F1E4B89A500861136 /* PrefixHeader.pch */ = {isa = PBXFileReference; lastKnownFileType = sourcecode.c.h; path = PrefixHeader.pch; sourceTree = "<group>"; };
		8E6CBF711E4B8A9600861136 /* Accelerate.framework */ = {isa = PBXFileReference; lastKnownFileType = wrapper.framework; name = Accelerate.framework; path = System/Library/Frameworks/Accelerate.framework; sourceTree = SDKROOT; };
		8E6CBF721E4B8A9600861136 /* AudioToolbox.framework */ = {isa = PBXFileReference; lastKnownFileType = wrapper.framework; name = AudioToolbox.framework; path = System/Library/Frameworks/AudioToolbox.framework; sourceTree = SDKROOT; };
		8E6CBF731E4B8A9600861136 /* AVFoundation.framework */ = {isa = PBXFileReference; lastKnownFileType = wrapper.framework; name = AVFoundation.framework; path = System/Library/Frameworks/AVFoundation.framework; sourceTree = SDKROOT; };
		8E6CBF741E4B8A9600861136 /* CoreLocation.framework */ = {isa = PBXFileReference; lastKnownFileType = wrapper.framework; name = CoreLocation.framework; path = System/Library/Frameworks/CoreLocation.framework; sourceTree = SDKROOT; };
		8E6CBF751E4B8A9600861136 /* CoreMedia.framework */ = {isa = PBXFileReference; lastKnownFileType = wrapper.framework; name = CoreMedia.framework; path = System/Library/Frameworks/CoreMedia.framework; sourceTree = SDKROOT; };
		8E6CBF761E4B8A9600861136 /* MessageUI.framework */ = {isa = PBXFileReference; lastKnownFileType = wrapper.framework; name = MessageUI.framework; path = System/Library/Frameworks/MessageUI.framework; sourceTree = SDKROOT; };
		8E6CBF771E4B8A9600861136 /* MobileCoreServices.framework */ = {isa = PBXFileReference; lastKnownFileType = wrapper.framework; name = MobileCoreServices.framework; path = System/Library/Frameworks/MobileCoreServices.framework; sourceTree = SDKROOT; };
		8E6CBF781E4B8A9600861136 /* SafariServices.framework */ = {isa = PBXFileReference; lastKnownFileType = wrapper.framework; name = SafariServices.framework; path = System/Library/Frameworks/SafariServices.framework; sourceTree = SDKROOT; };
		8E6CBF791E4B8A9600861136 /* SystemConfiguration.framework */ = {isa = PBXFileReference; lastKnownFileType = wrapper.framework; name = SystemConfiguration.framework; path = System/Library/Frameworks/SystemConfiguration.framework; sourceTree = SDKROOT; };
/* End PBXFileReference section */

/* Begin PBXFrameworksBuildPhase section */
		8E6CBF4D1E4B88AF00861136 /* Frameworks */ = {
			isa = PBXFrameworksBuildPhase;
			buildActionMask = 2147483647;
			files = (
				8E6CBF7A1E4B8A9600861136 /* Accelerate.framework in Frameworks */,
				8E6CBF7B1E4B8A9600861136 /* AudioToolbox.framework in Frameworks */,
				8E6CBF7C1E4B8A9600861136 /* AVFoundation.framework in Frameworks */,
				8E6CBF7D1E4B8A9600861136 /* CoreLocation.framework in Frameworks */,
				8E6CBF7E1E4B8A9600861136 /* CoreMedia.framework in Frameworks */,
				8E6CBF7F1E4B8A9600861136 /* MessageUI.framework in Frameworks */,
				8E6CBF801E4B8A9600861136 /* MobileCoreServices.framework in Frameworks */,
				8E6CBF811E4B8A9600861136 /* SafariServices.framework in Frameworks */,
				8E6CBF821E4B8A9600861136 /* SystemConfiguration.framework in Frameworks */,
				8E6CBF6E1E4B894A00861136 /* libPayPalMobile.a in Frameworks */,
			);
			runOnlyForDeploymentPostprocessing = 0;
		};
/* End PBXFrameworksBuildPhase section */

/* Begin PBXGroup section */
		8E6CBF471E4B88AF00861136 = {
			isa = PBXGroup;
			children = (
				8E6CBF651E4B894A00861136 /* PayPalMobile */,
				8E6CBF521E4B88B000861136 /* PayPalDemo */,
				8E6CBF511E4B88B000861136 /* Products */,
				8E6CBF701E4B8A9500861136 /* Frameworks */,
			);
			sourceTree = "<group>";
		};
		8E6CBF511E4B88B000861136 /* Products */ = {
			isa = PBXGroup;
			children = (
				8E6CBF501E4B88B000861136 /* PayPalDemo.app */,
			);
			name = Products;
			sourceTree = "<group>";
		};
		8E6CBF521E4B88B000861136 /* PayPalDemo */ = {
			isa = PBXGroup;
			children = (
				8E6CBF531E4B88B000861136 /* AppDelegate.swift */,
				8E6CBF551E4B88B000861136 /* ViewController.swift */,
				8E6CBF571E4B88B000861136 /* Main.storyboard */,
				8E6CBF5A1E4B88B000861136 /* Assets.xcassets */,
				8E6CBF5C1E4B88B000861136 /* LaunchScreen.storyboard */,
				8E6CBF5F1E4B88B000861136 /* Info.plist */,
				8E6CBF6F1E4B89A500861136 /* PrefixHeader.pch */,
			);
			path = PayPalDemo;
			sourceTree = "<group>";
		};
		8E6CBF651E4B894A00861136 /* PayPalMobile */ = {
			isa = PBXGroup;
			children = (
				8E6CBF661E4B894A00861136 /* libPayPalMobile.a */,
				8E6CBF671E4B894A00861136 /* PayPalConfiguration.h */,
				8E6CBF681E4B894A00861136 /* PayPalFuturePaymentViewController.h */,
				8E6CBF691E4B894A00861136 /* PayPalMobile.h */,
				8E6CBF6A1E4B894A00861136 /* PayPalOAuthScopes.h */,
				8E6CBF6B1E4B894A00861136 /* PayPalPayment.h */,
				8E6CBF6C1E4B894A00861136 /* PayPalPaymentViewController.h */,
				8E6CBF6D1E4B894A00861136 /* PayPalProfileSharingViewController.h */,
			);
			path = PayPalMobile;
			sourceTree = "<group>";
		};
		8E6CBF701E4B8A9500861136 /* Frameworks */ = {
			isa = PBXGroup;
			children = (
				8E6CBF711E4B8A9600861136 /* Accelerate.framework */,
				8E6CBF721E4B8A9600861136 /* AudioToolbox.framework */,
				8E6CBF731E4B8A9600861136 /* AVFoundation.framework */,
				8E6CBF741E4B8A9600861136 /* CoreLocation.framework */,
				8E6CBF751E4B8A9600861136 /* CoreMedia.framework */,
				8E6CBF761E4B8A9600861136 /* MessageUI.framework */,
				8E6CBF771E4B8A9600861136 /* MobileCoreServices.framework */,
				8E6CBF781E4B8A9600861136 /* SafariServices.framework */,
				8E6CBF791E4B8A9600861136 /* SystemConfiguration.framework */,
			);
			name = Frameworks;
			sourceTree = "<group>";
		};
/* End PBXGroup section */

/* Begin PBXNativeTarget section */
		8E6CBF4F1E4B88AF00861136 /* PayPalDemo */ = {
			isa = PBXNativeTarget;
			buildConfigurationList = 8E6CBF621E4B88B000861136 /* Build configuration list for PBXNativeTarget "PayPalDemo" */;
			buildPhases = (
				8E6CBF4C1E4B88AF00861136 /* Sources */,
				8E6CBF4D1E4B88AF00861136 /* Frameworks */,
				8E6CBF4E1E4B88AF00861136 /* Resources */,
			);
			buildRules = (
			);
			dependencies = (
			);
			name = PayPalDemo;
			productName = PayPalDemo;
			productReference = 8E6CBF501E4B88B000861136 /* PayPalDemo.app */;
			productType = "com.apple.product-type.application";
		};
/* End PBXNativeTarget section */

/* Begin PBXProject section */
		8E6CBF481E4B88AF00861136 /* Project object */ = {
			isa = PBXProject;
			attributes = {
				LastSwiftUpdateCheck = 0820;
				LastUpgradeCheck = 0820;
				ORGANIZATIONNAME = FDM;
				TargetAttributes = {
					8E6CBF4F1E4B88AF00861136 = {
						CreatedOnToolsVersion = 8.2.1;
						ProvisioningStyle = Automatic;
					};
				};
			};
			buildConfigurationList = 8E6CBF4B1E4B88AF00861136 /* Build configuration list for PBXProject "PayPalDemo" */;
			compatibilityVersion = "Xcode 3.2";
			developmentRegion = English;
			hasScannedForEncodings = 0;
			knownRegions = (
				en,
				Base,
			);
			mainGroup = 8E6CBF471E4B88AF00861136;
			productRefGroup = 8E6CBF511E4B88B000861136 /* Products */;
			projectDirPath = "";
			projectRoot = "";
			targets = (
				8E6CBF4F1E4B88AF00861136 /* PayPalDemo */,
			);
		};
/* End PBXProject section */

/* Begin PBXResourcesBuildPhase section */
		8E6CBF4E1E4B88AF00861136 /* Resources */ = {
			isa = PBXResourcesBuildPhase;
			buildActionMask = 2147483647;
			files = (
				8E6CBF5E1E4B88B000861136 /* LaunchScreen.storyboard in Resources */,
				8E6CBF5B1E4B88B000861136 /* Assets.xcassets in Resources */,
				8E6CBF591E4B88B000861136 /* Main.storyboard in Resources */,
			);
			runOnlyForDeploymentPostprocessing = 0;
		};
/* End PBXResourcesBuildPhase section */

/* Begin PBXSourcesBuildPhase section */
		8E6CBF4C1E4B88AF00861136 /* Sources */ = {
			isa = PBXSourcesBuildPhase;
			buildActionMask = 2147483647;
			files = (
				8E6CBF561E4B88B000861136 /* ViewController.swift in Sources */,
				8E6CBF541E4B88B000861136 /* AppDelegate.swift in Sources */,
			);
			runOnlyForDeploymentPostprocessing = 0;
		};
/* End PBXSourcesBuildPhase section */

/* Begin PBXVariantGroup section */
		8E6CBF571E4B88B000861136 /* Main.storyboard */ = {
			isa = PBXVariantGroup;
			children = (
				8E6CBF581E4B88B000861136 /* Base */,
			);
			name = Main.storyboard;
			sourceTree = "<group>";
		};
		8E6CBF5C1E4B88B000861136 /* LaunchScreen.storyboard */ = {
			isa = PBXVariantGroup;
			children = (
				8E6CBF5D1E4B88B000861136 /* Base */,
			);
			name = LaunchScreen.storyboard;
			sourceTree = "<group>";
		};
/* End PBXVariantGroup section */

/* Begin XCBuildConfiguration section */
		8E6CBF601E4B88B000861136 /* Debug */ = {
			isa = XCBuildConfiguration;
			buildSettings = {
				ALWAYS_SEARCH_USER_PATHS = NO;
				CLANG_ANALYZER_NONNULL = YES;
				CLANG_CXX_LANGUAGE_STANDARD = "gnu++0x";
				CLANG_CXX_LIBRARY = "libc++";
				CLANG_ENABLE_MODULES = YES;
				CLANG_ENABLE_OBJC_ARC = YES;
				CLANG_WARN_BOOL_CONVERSION = YES;
				CLANG_WARN_CONSTANT_CONVERSION = YES;
				CLANG_WARN_DIRECT_OBJC_ISA_USAGE = YES_ERROR;
				CLANG_WARN_DOCUMENTATION_COMMENTS = YES;
				CLANG_WARN_EMPTY_BODY = YES;
				CLANG_WARN_ENUM_CONVERSION = YES;
				CLANG_WARN_INFINITE_RECURSION = YES;
				CLANG_WARN_INT_CONVERSION = YES;
				CLANG_WARN_OBJC_ROOT_CLASS = YES_ERROR;
				CLANG_WARN_SUSPICIOUS_MOVE = YES;
				CLANG_WARN_UNREACHABLE_CODE = YES;
				CLANG_WARN__DUPLICATE_METHOD_MATCH = YES;
				"CODE_SIGN_IDENTITY[sdk=iphoneos*]" = "iPhone Developer";
				COPY_PHASE_STRIP = NO;
				DEBUG_INFORMATION_FORMAT = dwarf;
				ENABLE_STRICT_OBJC_MSGSEND = YES;
				ENABLE_TESTABILITY = YES;
				GCC_C_LANGUAGE_STANDARD = gnu99;
				GCC_DYNAMIC_NO_PIC = NO;
				GCC_NO_COMMON_BLOCKS = YES;
				GCC_OPTIMIZATION_LEVEL = 0;
				GCC_PREPROCESSOR_DEFINITIONS = (
					"DEBUG=1",
					"$(inherited)",
				);
				GCC_WARN_64_TO_32_BIT_CONVERSION = YES;
				GCC_WARN_ABOUT_RETURN_TYPE = YES_ERROR;
				GCC_WARN_UNDECLARED_SELECTOR = YES;
				GCC_WARN_UNINITIALIZED_AUTOS = YES_AGGRESSIVE;
				GCC_WARN_UNUSED_FUNCTION = YES;
				GCC_WARN_UNUSED_VARIABLE = YES;
				IPHONEOS_DEPLOYMENT_TARGET = 10.2;
				MTL_ENABLE_DEBUG_INFO = YES;
				ONLY_ACTIVE_ARCH = YES;
				SDKROOT = iphoneos;
				SWIFT_ACTIVE_COMPILATION_CONDITIONS = DEBUG;
				SWIFT_OPTIMIZATION_LEVEL = "-Onone";
			};
			name = Debug;
		};
		8E6CBF611E4B88B000861136 /* Release */ = {
			isa = XCBuildConfiguration;
			buildSettings = {
				ALWAYS_SEARCH_USER_PATHS = NO;
				CLANG_ANALYZER_NONNULL = YES;
				CLANG_CXX_LANGUAGE_STANDARD = "gnu++0x";
				CLANG_CXX_LIBRARY = "libc++";
				CLANG_ENABLE_MODULES = YES;
				CLANG_ENABLE_OBJC_ARC = YES;
				CLANG_WARN_BOOL_CONVERSION = YES;
				CLANG_WARN_CONSTANT_CONVERSION = YES;
				CLANG_WARN_DIRECT_OBJC_ISA_USAGE = YES_ERROR;
				CLANG_WARN_DOCUMENTATION_COMMENTS = YES;
				CLANG_WARN_EMPTY_BODY = YES;
				CLANG_WARN_ENUM_CONVERSION = YES;
				CLANG_WARN_INFINITE_RECURSION = YES;
				CLANG_WARN_INT_CONVERSION = YES;
				CLANG_WARN_OBJC_ROOT_CLASS = YES_ERROR;
				CLANG_WARN_SUSPICIOUS_MOVE = YES;
				CLANG_WARN_UNREACHABLE_CODE = YES;
				CLANG_WARN__DUPLICATE_METHOD_MATCH = YES;
				"CODE_SIGN_IDENTITY[sdk=iphoneos*]" = "iPhone Developer";
				COPY_PHASE_STRIP = NO;
				DEBUG_INFORMATION_FORMAT = "dwarf-with-dsym";
				ENABLE_NS_ASSERTIONS = NO;
				ENABLE_STRICT_OBJC_MSGSEND = YES;
				GCC_C_LANGUAGE_STANDARD = gnu99;
				GCC_NO_COMMON_BLOCKS = YES;
				GCC_WARN_64_TO_32_BIT_CONVERSION = YES;
				GCC_WARN_ABOUT_RETURN_TYPE = YES_ERROR;
				GCC_WARN_UNDECLARED_SELECTOR = YES;
				GCC_WARN_UNINITIALIZED_AUTOS = YES_AGGRESSIVE;
				GCC_WARN_UNUSED_FUNCTION = YES;
				GCC_WARN_UNUSED_VARIABLE = YES;
				IPHONEOS_DEPLOYMENT_TARGET = 10.2;
				MTL_ENABLE_DEBUG_INFO = NO;
				SDKROOT = iphoneos;
				SWIFT_OPTIMIZATION_LEVEL = "-Owholemodule";
				VALIDATE_PRODUCT = YES;
			};
			name = Release;
		};
		8E6CBF631E4B88B000861136 /* Debug */ = {
			isa = XCBuildConfiguration;
			buildSettings = {
				ASSETCATALOG_COMPILER_APPICON_NAME = AppIcon;
				INFOPLIST_FILE = PayPalDemo/Info.plist;
				LD_RUNPATH_SEARCH_PATHS = "$(inherited) @executable_path/Frameworks";
				LIBRARY_SEARCH_PATHS = (
					"$(inherited)",
					"$(PROJECT_DIR)/PayPalMobile",
				);
				OTHER_LDFLAGS = (
					"-lc++",
					"-ObjC",
				);
				PRODUCT_BUNDLE_IDENTIFIER = Example.PayPalDemo;
				PRODUCT_NAME = "$(TARGET_NAME)";
				SWIFT_OBJC_BRIDGING_HEADER = PayPalDemo/PrefixHeader.pch;
				SWIFT_VERSION = 3.0;
			};
			name = Debug;
		};
		8E6CBF641E4B88B000861136 /* Release */ = {
			isa = XCBuildConfiguration;
			buildSettings = {
				ASSETCATALOG_COMPILER_APPICON_NAME = AppIcon;
				INFOPLIST_FILE = PayPalDemo/Info.plist;
				LD_RUNPATH_SEARCH_PATHS = "$(inherited) @executable_path/Frameworks";
				LIBRARY_SEARCH_PATHS = (
					"$(inherited)",
					"$(PROJECT_DIR)/PayPalMobile",
				);
				OTHER_LDFLAGS = (
					"-lc++",
					"-ObjC",
				);
				PRODUCT_BUNDLE_IDENTIFIER = Example.PayPalDemo;
				PRODUCT_NAME = "$(TARGET_NAME)";
				SWIFT_OBJC_BRIDGING_HEADER = PayPalDemo/PrefixHeader.pch;
				SWIFT_VERSION = 3.0;
			};
			name = Release;
		};
/* End XCBuildConfiguration section */

/* Begin XCConfigurationList section */
		8E6CBF4B1E4B88AF00861136 /* Build configuration list for PBXProject "PayPalDemo" */ = {
			isa = XCConfigurationList;
			buildConfigurations = (
				8E6CBF601E4B88B000861136 /* Debug */,
				8E6CBF611E4B88B000861136 /* Release */,
			);
			defaultConfigurationIsVisible = 0;
			defaultConfigurationName = Release;
		};
		8E6CBF621E4B88B000861136 /* Build configuration list for PBXNativeTarget "PayPalDemo" */ = {
			isa = XCConfigurationList;
			buildConfigurations = (
				8E6CBF631E4B88B000861136 /* Debug */,
				8E6CBF641E4B88B000861136 /* Release */,
			);
			defaultConfigurationIsVisible = 0;
		};
/* End XCConfigurationList section */
	};
	rootObject = 8E6CBF481E4B88AF00861136 /* Project object */;
}
